
Microsoft Visual Studio Solution File, Format Version 12.00
# Visual Studio 14
VisualStudioVersion = 14.0.25420.1
MinimumVisualStudioVersion = 10.0.40219.1
Project("{2150E333-8FDC-42A3-9474-1A3956D46DE8}") = "src", "src", "{A7091F54-8B04-4B5E-835B-F1604CE6823F}"
EndProject
Project("{2150E333-8FDC-42A3-9474-1A3956D46DE8}") = "Solution Items", "Solution Items", "{AFA0D80D-FE6C-4374-BD95-5757BC288F2F}"
	ProjectSection(SolutionItems) = preProject
		global.json = global.json
	EndProjectSection
EndProject
Project("{8BB2217D-0F2D-49D1-97BC-3654ED321F3B}") = "toysRus", "src\final2\toysRus.xproj", "{9D60871D-5208-420C-977F-84C4DF335136}"
EndProject
Global
	GlobalSection(SolutionConfigurationPlatforms) = preSolution
		Debug|Any CPU = Debug|Any CPU
		Release|Any CPU = Release|Any CPU
	EndGlobalSection
	GlobalSection(ProjectConfigurationPlatforms) = postSolution
		{9D60871D-5208-420C-977F-84C4DF335136}.Debug|Any CPU.ActiveCfg = Debug|Any CPU
		{9D60871D-5208-420C-977F-84C4DF335136}.Debug|Any CPU.Build.0 = Debug|Any CPU
		{9D60871D-5208-420C-977F-84C4DF335136}.Release|Any CPU.ActiveCfg = Release|Any CPU
		{9D60871D-5208-420C-977F-84C4DF335136}.Release|Any CPU.Build.0 = Release|Any CPU
	EndGlobalSection
	GlobalSection(SolutionProperties) = preSolution
		HideSolutionNode = FALSE
	EndGlobalSection
	GlobalSection(NestedProjects) = preSolution
		{9D60871D-5208-420C-977F-84C4DF335136} = {A7091F54-8B04-4B5E-835B-F1604CE6823F}
	EndGlobalSection
EndGlobal
